<?xml version="1.0" encoding="utf-8"?>
<Project ToolsVersion="4.0" xmlns="http://schemas.microsoft.com/developer/msbuild/2003">
  <ItemGroup>
    <ClCompile Include="wrapped\drawing.cpp">
      <Filter>wrapped</Filter>
    </ClCompile>
    <ClCompile Include="controls\button.cpp">
      <Filter>controls</Filter>
    </ClCompile>
    <ClCompile Include="controls\window.cpp">
      <Filter>controls</Filter>
    </ClCompile>
    <ClCompile Include="extra\window_manager.cpp">
      <Filter>extra</Filter>
    </ClCompile>
    <ClCompile Include="gui_instance.cpp" />
    <ClCompile Include="controls\object.cpp">
      <Filter>controls</Filter>
    </ClCompile>
    <ClCompile Include="extra\event_manager.cpp">
      <Filter>extra</Filter>
    </ClCompile>
    <ClCompile Include="extra\event.cpp">
      <Filter>extra</Filter>
    </ClCompile>
    <ClCompile Include="wrapped\input.cpp">
      <Filter>wrapped</Filter>
    </ClCompile>
    <ClCompile Include="wrapped\layout.cpp">
      <Filter>wrapped</Filter>
    </ClCompile>
    <ClCompile Include="wrapped\platform.cpp">
      <Filter>wrapped</Filter>
    </ClCompile>
    <ClCompile Include="controls\checkbox.cpp">
      <Filter>controls</Filter>
    </ClCompile>
    <ClCompile Include="controls\progressbar.cpp">
      <Filter>controls</Filter>
    </ClCompile>
  </ItemGroup>
  <ItemGroup>
    <ClInclude Include="gui.h" />
    <ClInclude Include="wrapped\drawing.h">
      <Filter>wrapped</Filter>
    </ClInclude>
    <ClInclude Include="controls\button.h">
      <Filter>controls</Filter>
    </ClInclude>
    <ClInclude Include="controls\window.h">
      <Filter>controls</Filter>
    </ClInclude>
    <ClInclude Include="extra\window_manager.h">
      <Filter>extra</Filter>
    </ClInclude>
    <ClInclude Include="controls\object.h">
      <Filter>controls</Filter>
    </ClInclude>
    <ClInclude Include="gui_instance.h" />
    <ClInclude Include="extra\event_manager.h">
      <Filter>extra</Filter>
    </ClInclude>
    <ClInclude Include="extra\event.h">
      <Filter>extra</Filter>
    </ClInclude>
    <ClInclude Include="wrapped\input.h">
      <Filter>wrapped</Filter>
    </ClInclude>
    <ClInclude Include="thirdparty\cerebri_sans_medium_ttf.h">
      <Filter>thirdparty</Filter>
    </ClInclude>
    <ClInclude Include="wrapped\layout.h">
      <Filter>wrapped</Filter>
    </ClInclude>
    <ClInclude Include="wrapped\platform.h">
      <Filter>wrapped</Filter>
    </ClInclude>
    <ClInclude Include="wrapped\types.h">
      <Filter>wrapped</Filter>
    </ClInclude>
    <ClInclude Include="controls\checkbox.h">
      <Filter>controls</Filter>
    </ClInclude>
    <ClInclude Include="thirdparty\material_icons_medium_ttf.h">
      <Filter>thirdparty</Filter>
    </ClInclude>
    <ClInclude Include="thirdparty\material_icons.h">
      <Filter>thirdparty</Filter>
    </ClInclude>
    <ClInclude Include="controls\progressbar.h">
      <Filter>controls</Filter>
    </ClInclude>
  </ItemGroup>
  <ItemGroup>
    <Filter Include="controls">
      <UniqueIdentifier>{fc171e6b-52c7-430e-9b83-a8f357ea401b}</UniqueIdentifier>
    </Filter>
    <Filter Include="extra">
      <UniqueIdentifier>{291405e3-ab20-4f15-a566-16df58582f76}</UniqueIdentifier>
    </Filter>
    <Filter Include="wrapped">
      <UniqueIdentifier>{62be3f79-1042-4c80-a71e-4951408d57c0}</UniqueIdentifier>
    </Filter>
    <Filter Include="thirdparty">
      <UniqueIdentifier>{2fe88c64-452b-4be9-9c1d-c33b2f91b4e4}</UniqueIdentifier>
    </Filter>
  </ItemGroup>
</Project>